// !$*UTF8*$!
{
	archiveVersion = 1;
	classes = {
	};
	objectVersion = 55;
	objects = {

/* Begin PBXBuildFile section */
		A5686FBF294A6AD500007216 /* AppDelegate.swift in Sources */ = {isa = PBXBuildFile; fileRef = A5686FBE294A6AD500007216 /* AppDelegate.swift */; };
		A5686FC1294A6AD500007216 /* SceneDelegate.swift in Sources */ = {isa = PBXBuildFile; fileRef = A5686FC0294A6AD500007216 /* SceneDelegate.swift */; };
		A5686FC3294A6AD500007216 /* MainViewController.swift in Sources */ = {isa = PBXBuildFile; fileRef = A5686FC2294A6AD500007216 /* MainViewController.swift */; };
		A5686FC6294A6AD500007216 /* Main.storyboard in Resources */ = {isa = PBXBuildFile; fileRef = A5686FC4294A6AD500007216 /* Main.storyboard */; };
		A5686FC8294A6ADA00007216 /* Assets.xcassets in Resources */ = {isa = PBXBuildFile; fileRef = A5686FC7294A6ADA00007216 /* Assets.xcassets */; };
		A5686FCB294A6ADA00007216 /* LaunchScreen.storyboard in Resources */ = {isa = PBXBuildFile; fileRef = A5686FC9294A6ADA00007216 /* LaunchScreen.storyboard */; };
		A5686FD7294A8BAA00007216 /* Episode.swift in Sources */ = {isa = PBXBuildFile; fileRef = A5686FD6294A8BAA00007216 /* Episode.swift */; };
		A5686FDA294A8DD700007216 /* Links.swift in Sources */ = {isa = PBXBuildFile; fileRef = A5686FD9294A8DD700007216 /* Links.swift */; };
/* End PBXBuildFile section */

/* Begin PBXFileReference section */
		A5686FBB294A6AD500007216 /* ParseJSONApp.app */ = {isa = PBXFileReference; explicitFileType = wrapper.application; includeInIndex = 0; path = ParseJSONApp.app; sourceTree = BUILT_PRODUCTS_DIR; };
		A5686FBE294A6AD500007216 /* AppDelegate.swift */ = {isa = PBXFileReference; lastKnownFileType = sourcecode.swift; path = AppDelegate.swift; sourceTree = "<group>"; };
		A5686FC0294A6AD500007216 /* SceneDelegate.swift */ = {isa = PBXFileReference; lastKnownFileType = sourcecode.swift; path = SceneDelegate.swift; sourceTree = "<group>"; };
		A5686FC2294A6AD500007216 /* MainViewController.swift */ = {isa = PBXFileReference; lastKnownFileType = sourcecode.swift; path = MainViewController.swift; sourceTree = "<group>"; };
		A5686FC5294A6AD500007216 /* Base */ = {isa = PBXFileReference; lastKnownFileType = file.storyboard; name = Base; path = Base.lproj/Main.storyboard; sourceTree = "<group>"; };
		A5686FC7294A6ADA00007216 /* Assets.xcassets */ = {isa = PBXFileReference; lastKnownFileType = folder.assetcatalog; path = Assets.xcassets; sourceTree = "<group>"; };
		A5686FCA294A6ADA00007216 /* Base */ = {isa = PBXFileReference; lastKnownFileType = file.storyboard; name = Base; path = Base.lproj/LaunchScreen.storyboard; sourceTree = "<group>"; };
		A5686FCC294A6ADA00007216 /* Info.plist */ = {isa = PBXFileReference; lastKnownFileType = text.plist.xml; path = Info.plist; sourceTree = "<group>"; };
		A5686FD6294A8BAA00007216 /* Episode.swift */ = {isa = PBXFileReference; lastKnownFileType = sourcecode.swift; path = Episode.swift; sourceTree = "<group>"; };
		A5686FD9294A8DD700007216 /* Links.swift */ = {isa = PBXFileReference; lastKnownFileType = sourcecode.swift; path = Links.swift; sourceTree = "<group>"; };
/* End PBXFileReference section */

/* Begin PBXFrameworksBuildPhase section */
		A5686FB8294A6AD500007216 /* Frameworks */ = {
			isa = PBXFrameworksBuildPhase;
			buildActionMask = 2147483647;
			files = (
			);
			runOnlyForDeploymentPostprocessing = 0;
		};
/* End PBXFrameworksBuildPhase section */

/* Begin PBXGroup section */
		A5686FB2294A6AD500007216 = {
			isa = PBXGroup;
			children = (
				A5686FBD294A6AD500007216 /* ParseJSONApp */,
				A5686FBC294A6AD500007216 /* Products */,
			);
			sourceTree = "<group>";
		};
		A5686FBC294A6AD500007216 /* Products */ = {
			isa = PBXGroup;
			children = (
				A5686FBB294A6AD500007216 /* ParseJSONApp.app */,
			);
			name = Products;
			sourceTree = "<group>";
		};
		A5686FBD294A6AD500007216 /* ParseJSONApp */ = {
			isa = PBXGroup;
			children = (
				A5686FD2294A7DF800007216 /* App */,
				A5686FD3294A7E0600007216 /* ViewControllers */,
				A5686FD8294A8C0A00007216 /* Models */,
				A5686FD4294A7E2800007216 /* Storyboards */,
				A5686FD5294A7E5500007216 /* Resources */,
			);
			path = ParseJSONApp;
			sourceTree = "<group>";
		};
		A5686FD2294A7DF800007216 /* App */ = {
			isa = PBXGroup;
			children = (
				A5686FBE294A6AD500007216 /* AppDelegate.swift */,
				A5686FC0294A6AD500007216 /* SceneDelegate.swift */,
				A5686FCC294A6ADA00007216 /* Info.plist */,
			);
			path = App;
			sourceTree = "<group>";
		};
		A5686FD3294A7E0600007216 /* ViewControllers */ = {
			isa = PBXGroup;
			children = (
				A5686FC2294A6AD500007216 /* MainViewController.swift */,
			);
			path = ViewControllers;
			sourceTree = "<group>";
		};
		A5686FD4294A7E2800007216 /* Storyboards */ = {
			isa = PBXGroup;
			children = (
				A5686FC4294A6AD500007216 /* Main.storyboard */,
				A5686FC9294A6ADA00007216 /* LaunchScreen.storyboard */,
			);
			path = Storyboards;
			sourceTree = "<group>";
		};
		A5686FD5294A7E5500007216 /* Resources */ = {
			isa = PBXGroup;
			children = (
				A5686FC7294A6ADA00007216 /* Assets.xcassets */,
				A5686FD9294A8DD700007216 /* Links.swift */,
			);
			path = Resources;
			sourceTree = "<group>";
		};
		A5686FD8294A8C0A00007216 /* Models */ = {
			isa = PBXGroup;
			children = (
				A5686FD6294A8BAA00007216 /* Episode.swift */,
			);
			path = Models;
			sourceTree = "<group>";
		};
/* End PBXGroup section */

/* Begin PBXNativeTarget section */
		A5686FBA294A6AD500007216 /* ParseJSONApp */ = {
			isa = PBXNativeTarget;
			buildConfigurationList = A5686FCF294A6ADA00007216 /* Build configuration list for PBXNativeTarget "ParseJSONApp" */;
			buildPhases = (
				A5686FB7294A6AD500007216 /* Sources */,
				A5686FB8294A6AD500007216 /* Frameworks */,
				A5686FB9294A6AD500007216 /* Resources */,
			);
			buildRules = (
			);
			dependencies = (
			);
			name = ParseJSONApp;
			productName = ParseJSONApp;
			productReference = A5686FBB294A6AD500007216 /* ParseJSONApp.app */;
			productType = "com.apple.product-type.application";
		};
/* End PBXNativeTarget section */

/* Begin PBXProject section */
		A5686FB3294A6AD500007216 /* Project object */ = {
			isa = PBXProject;
			attributes = {
				BuildIndependentTargetsInParallel = 1;
				LastSwiftUpdateCheck = 1320;
				LastUpgradeCheck = 1320;
				TargetAttributes = {
					A5686FBA294A6AD500007216 = {
						CreatedOnToolsVersion = 13.2.1;
					};
				};
			};
			buildConfigurationList = A5686FB6294A6AD500007216 /* Build configuration list for PBXProject "ParseJSONApp" */;
			compatibilityVersion = "Xcode 13.0";
			developmentRegion = en;
			hasScannedForEncodings = 0;
			knownRegions = (
				en,
				Base,
			);
			mainGroup = A5686FB2294A6AD500007216;
			productRefGroup = A5686FBC294A6AD500007216 /* Products */;
			projectDirPath = "";
			projectRoot = "";
			targets = (
				A5686FBA294A6AD500007216 /* ParseJSONApp */,
			);
		};
/* End PBXProject section */

/* Begin PBXResourcesBuildPhase section */
		A5686FB9294A6AD500007216 /* Resources */ = {
			isa = PBXResourcesBuildPhase;
			buildActionMask = 2147483647;
			files = (
				A5686FCB294A6ADA00007216 /* LaunchScreen.storyboard in Resources */,
				A5686FC8294A6ADA00007216 /* Assets.xcassets in Resources */,
				A5686FC6294A6AD500007216 /* Main.storyboard in Resources */,
			);
			runOnlyForDeploymentPostprocessing = 0;
		};
/* End PBXResourcesBuildPhase section */

/* Begin PBXSourcesBuildPhase section */
		A5686FB7294A6AD500007216 /* Sources */ = {
			isa = PBXSourcesBuildPhase;
			buildActionMask = 2147483647;
			files = (
				A5686FDA294A8DD700007216 /* Links.swift in Sources */,
				A5686FC3294A6AD500007216 /* MainViewController.swift in Sources */,
				A5686FD7294A8BAA00007216 /* Episode.swift in Sources */,
				A5686FBF294A6AD500007216 /* AppDelegate.swift in Sources */,
				A5686FC1294A6AD500007216 /* SceneDelegate.swift in Sources */,
			);
			runOnlyForDeploymentPostprocessing = 0;
		};
/* End PBXSourcesBuildPhase section */

/* Begin PBXVariantGroup section */
		A5686FC4294A6AD500007216 /* Main.storyboard */ = {
			isa = PBXVariantGroup;
			children = (
				A5686FC5294A6AD500007216 /* Base */,
			);
			name = Main.storyboard;
			sourceTree = "<group>";
		};
		A5686FC9294A6ADA00007216 /* LaunchScreen.storyboard */ = {
			isa = PBXVariantGroup;
			children = (
				A5686FCA294A6ADA00007216 /* Base */,
			);
			name = LaunchScreen.storyboard;
			sourceTree = "<group>";
		};
/* End PBXVariantGroup section */

/* Begin XCBuildConfiguration section */
		A5686FCD294A6ADA00007216 /* Debug */ = {
			isa = XCBuildConfiguration;
			buildSettings = {
				ALWAYS_SEARCH_USER_PATHS = NO;
				CLANG_ANALYZER_NONNULL = YES;
				CLANG_ANALYZER_NUMBER_OBJECT_CONVERSION = YES_AGGRESSIVE;
				CLANG_CXX_LANGUAGE_STANDARD = "gnu++17";
				CLANG_CXX_LIBRARY = "libc++";
				CLANG_ENABLE_MODULES = YES;
				CLANG_ENABLE_OBJC_ARC = YES;
				CLANG_ENABLE_OBJC_WEAK = YES;
				CLANG_WARN_BLOCK_CAPTURE_AUTORELEASING = YES;
				CLANG_WARN_BOOL_CONVERSION = YES;
				CLANG_WARN_COMMA = YES;
				CLANG_WARN_CONSTANT_CONVERSION = YES;
				CLANG_WARN_DEPRECATED_OBJC_IMPLEMENTATIONS = YES;
				CLANG_WARN_DIRECT_OBJC_ISA_USAGE = YES_ERROR;
				CLANG_WARN_DOCUMENTATION_COMMENTS = YES;
				CLANG_WARN_EMPTY_BODY = YES;
				CLANG_WARN_ENUM_CONVERSION = YES;
				CLANG_WARN_INFINITE_RECURSION = YES;
				CLANG_WARN_INT_CONVERSION = YES;
				CLANG_WARN_NON_LITERAL_NULL_CONVERSION = YES;
				CLANG_WARN_OBJC_IMPLICIT_RETAIN_SELF = YES;
				CLANG_WARN_OBJC_LITERAL_CONVERSION = YES;
				CLANG_WARN_OBJC_ROOT_CLASS = YES_ERROR;
				CLANG_WARN_QUOTED_INCLUDE_IN_FRAMEWORK_HEADER = YES;
				CLANG_WARN_RANGE_LOOP_ANALYSIS = YES;
				CLANG_WARN_STRICT_PROTOTYPES = YES;
				CLANG_WARN_SUSPICIOUS_MOVE = YES;
				CLANG_WARN_UNGUARDED_AVAILABILITY = YES_AGGRESSIVE;
				CLANG_WARN_UNREACHABLE_CODE = YES;
				CLANG_WARN__DUPLICATE_METHOD_MATCH = YES;
				COPY_PHASE_STRIP = NO;
				DEBUG_INFORMATION_FORMAT = dwarf;
				ENABLE_STRICT_OBJC_MSGSEND = YES;
				ENABLE_TESTABILITY = YES;
				GCC_C_LANGUAGE_STANDARD = gnu11;
				GCC_DYNAMIC_NO_PIC = NO;
				GCC_NO_COMMON_BLOCKS = YES;
				GCC_OPTIMIZATION_LEVEL = 0;
				GCC_PREPROCESSOR_DEFINITIONS = (
					"DEBUG=1",
					"$(inherited)",
				);
				GCC_WARN_64_TO_32_BIT_CONVERSION = YES;
				GCC_WARN_ABOUT_RETURN_TYPE = YES_ERROR;
				GCC_WARN_UNDECLARED_SELECTOR = YES;
				GCC_WARN_UNINITIALIZED_AUTOS = YES_AGGRESSIVE;
				GCC_WARN_UNUSED_FUNCTION = YES;
				GCC_WARN_UNUSED_VARIABLE = YES;
				IPHONEOS_DEPLOYMENT_TARGET = 15.2;
				MTL_ENABLE_DEBUG_INFO = INCLUDE_SOURCE;
				MTL_FAST_MATH = YES;
				ONLY_ACTIVE_ARCH = YES;
				SDKROOT = iphoneos;
				SWIFT_ACTIVE_COMPILATION_CONDITIONS = DEBUG;
				SWIFT_OPTIMIZATION_LEVEL = "-Onone";
			};
			name = Debug;
		};
		A5686FCE294A6ADA00007216 /* Release */ = {
			isa = XCBuildConfiguration;
			buildSettings = {
				ALWAYS_SEARCH_USER_PATHS = NO;
				CLANG_ANALYZER_NONNULL = YES;
				CLANG_ANALYZER_NUMBER_OBJECT_CONVERSION = YES_AGGRESSIVE;
				CLANG_CXX_LANGUAGE_STANDARD = "gnu++17";
				CLANG_CXX_LIBRARY = "libc++";
				CLANG_ENABLE_MODULES = YES;
				CLANG_ENABLE_OBJC_ARC = YES;
				CLANG_ENABLE_OBJC_WEAK = YES;
				CLANG_WARN_BLOCK_CAPTURE_AUTORELEASING = YES;
				CLANG_WARN_BOOL_CONVERSION = YES;
				CLANG_WARN_COMMA = YES;
				CLANG_WARN_CONSTANT_CONVERSION = YES;
				CLANG_WARN_DEPRECATED_OBJC_IMPLEMENTATIONS = YES;
				CLANG_WARN_DIRECT_OBJC_ISA_USAGE = YES_ERROR;
				CLANG_WARN_DOCUMENTATION_COMMENTS = YES;
				CLANG_WARN_EMPTY_BODY = YES;
				CLANG_WARN_ENUM_CONVERSION = YES;
				CLANG_WARN_INFINITE_RECURSION = YES;
				CLANG_WARN_INT_CONVERSION = YES;
				CLANG_WARN_NON_LITERAL_NULL_CONVERSION = YES;
				CLANG_WARN_OBJC_IMPLICIT_RETAIN_SELF = YES;
				CLANG_WARN_OBJC_LITERAL_CONVERSION = YES;
				CLANG_WARN_OBJC_ROOT_CLASS = YES_ERROR;
				CLANG_WARN_QUOTED_INCLUDE_IN_FRAMEWORK_HEADER = YES;
				CLANG_WARN_RANGE_LOOP_ANALYSIS = YES;
				CLANG_WARN_STRICT_PROTOTYPES = YES;
				CLANG_WARN_SUSPICIOUS_MOVE = YES;
				CLANG_WARN_UNGUARDED_AVAILABILITY = YES_AGGRESSIVE;
				CLANG_WARN_UNREACHABLE_CODE = YES;
				CLANG_WARN__DUPLICATE_METHOD_MATCH = YES;
				COPY_PHASE_STRIP = NO;
				DEBUG_INFORMATION_FORMAT = "dwarf-with-dsym";
				ENABLE_NS_ASSERTIONS = NO;
				ENABLE_STRICT_OBJC_MSGSEND = YES;
				GCC_C_LANGUAGE_STANDARD = gnu11;
				GCC_NO_COMMON_BLOCKS = YES;
				GCC_WARN_64_TO_32_BIT_CONVERSION = YES;
				GCC_WARN_ABOUT_RETURN_TYPE = YES_ERROR;
				GCC_WARN_UNDECLARED_SELECTOR = YES;
				GCC_WARN_UNINITIALIZED_AUTOS = YES_AGGRESSIVE;
				GCC_WARN_UNUSED_FUNCTION = YES;
				GCC_WARN_UNUSED_VARIABLE = YES;
				IPHONEOS_DEPLOYMENT_TARGET = 15.2;
				MTL_ENABLE_DEBUG_INFO = NO;
				MTL_FAST_MATH = YES;
				SDKROOT = iphoneos;
				SWIFT_COMPILATION_MODE = wholemodule;
				SWIFT_OPTIMIZATION_LEVEL = "-O";
				VALIDATE_PRODUCT = YES;
			};
			name = Release;
		};
		A5686FD0294A6ADA00007216 /* Debug */ = {
			isa = XCBuildConfiguration;
			buildSettings = {
				ASSETCATALOG_COMPILER_APPICON_NAME = AppIcon;
				ASSETCATALOG_COMPILER_GLOBAL_ACCENT_COLOR_NAME = AccentColor;
				CODE_SIGN_STYLE = Automatic;
				CURRENT_PROJECT_VERSION = 1;
				DEVELOPMENT_TEAM = PA3HAWB8SP;
				GENERATE_INFOPLIST_FILE = YES;
				INFOPLIST_FILE = ParseJSONApp/App/Info.plist;
				INFOPLIST_KEY_UIApplicationSupportsIndirectInputEvents = YES;
				INFOPLIST_KEY_UILaunchStoryboardName = LaunchScreen;
				INFOPLIST_KEY_UIMainStoryboardFile = Main;
				INFOPLIST_KEY_UISupportedInterfaceOrientations = UIInterfaceOrientationPortrait;
				INFOPLIST_KEY_UISupportedInterfaceOrientations_iPad = "UIInterfaceOrientationPortrait UIInterfaceOrientationPortraitUpsideDown UIInterfaceOrientationLandscapeLeft UIInterfaceOrientationLandscapeRight";
				INFOPLIST_KEY_UISupportedInterfaceOrientations_iPhone = "UIInterfaceOrientationPortrait UIInterfaceOrientationLandscapeLeft UIInterfaceOrientationLandscapeRight";
				LD_RUNPATH_SEARCH_PATHS = (
					"$(inherited)",
					"@executable_path/Frameworks",
				);
				MARKETING_VERSION = 1.0;
				PRODUCT_BUNDLE_IDENTIFIER = com.thebestiosteam.ParseJSONApp;
				PRODUCT_NAME = "$(TARGET_NAME)";
				SWIFT_EMIT_LOC_STRINGS = YES;
				SWIFT_VERSION = 5.0;
				TARGETED_DEVICE_FAMILY = 1;
			};
			name = Debug;
		};
		A5686FD1294A6ADA00007216 /* Release */ = {
			isa = XCBuildConfiguration;
			buildSettings = {
				ASSETCATALOG_COMPILER_APPICON_NAME = AppIcon;
				ASSETCATALOG_COMPILER_GLOBAL_ACCENT_COLOR_NAME = AccentColor;
				CODE_SIGN_STYLE = Automatic;
				CURRENT_PROJECT_VERSION = 1;
				DEVELOPMENT_TEAM = PA3HAWB8SP;
				GENERATE_INFOPLIST_FILE = YES;
				INFOPLIST_FILE = ParseJSONApp/App/Info.plist;
				INFOPLIST_KEY_UIApplicationSupportsIndirectInputEvents = YES;
				INFOPLIST_KEY_UILaunchStoryboardName = LaunchScreen;
				INFOPLIST_KEY_UIMainStoryboardFile = Main;
				INFOPLIST_KEY_UISupportedInterfaceOrientations = UIInterfaceOrientationPortrait;
				INFOPLIST_KEY_UISupportedInterfaceOrientations_iPad = "UIInterfaceOrientationPortrait UIInterfaceOrientationPortraitUpsideDown UIInterfaceOrientationLandscapeLeft UIInterfaceOrientationLandscapeRight";
				INFOPLIST_KEY_UISupportedInterfaceOrientations_iPhone = "UIInterfaceOrientationPortrait UIInterfaceOrientationLandscapeLeft UIInterfaceOrientationLandscapeRight";
				LD_RUNPATH_SEARCH_PATHS = (
					"$(inherited)",
					"@executable_path/Frameworks",
				);
				MARKETING_VERSION = 1.0;
				PRODUCT_BUNDLE_IDENTIFIER = com.thebestiosteam.ParseJSONApp;
				PRODUCT_NAME = "$(TARGET_NAME)";
				SWIFT_EMIT_LOC_STRINGS = YES;
				SWIFT_VERSION = 5.0;
				TARGETED_DEVICE_FAMILY = 1;
			};
			name = Release;
		};
/* End XCBuildConfiguration section */

/* Begin XCConfigurationList section */
		A5686FB6294A6AD500007216 /* Build configuration list for PBXProject "ParseJSONApp" */ = {
			isa = XCConfigurationList;
			buildConfigurations = (
				A5686FCD294A6ADA00007216 /* Debug */,
				A5686FCE294A6ADA00007216 /* Release */,
			);
			defaultConfigurationIsVisible = 0;
			defaultConfigurationName = Release;
		};
		A5686FCF294A6ADA00007216 /* Build configuration list for PBXNativeTarget "ParseJSONApp" */ = {
			isa = XCConfigurationList;
			buildConfigurations = (
				A5686FD0294A6ADA00007216 /* Debug */,
				A5686FD1294A6ADA00007216 /* Release */,
			);
			defaultConfigurationIsVisible = 0;
			defaultConfigurationName = Release;
		};
/* End XCConfigurationList section */
	};
	rootObject = A5686FB3294A6AD500007216 /* Project object */;
}
